
Microsoft Visual Studio Solution File, Format Version 12.00
# Visual Studio Version 16
VisualStudioVersion = 16.0.30114.105
MinimumVisualStudioVersion = 10.0.40219.1
Project("{FAE04EC0-301F-11D3-BF4B-00C04F79EFBC}") = "ActivitiesAPI", "ActivitiesAPI\ActivitiesAPI.csproj", "{8E4B218F-BC21-4F74-9686-E5A4A6C15819}"
EndProject
Project("{FAE04EC0-301F-11D3-BF4B-00C04F79EFBC}") = "Application", "Application\Application.csproj", "{161F4CAA-6E28-4F46-9B68-D9E7DBF5E968}"
EndProject
Project("{FAE04EC0-301F-11D3-BF4B-00C04F79EFBC}") = "Persistence", "Persistence\Persistence.csproj", "{AA17A491-389C-49FD-9FAF-E22FC8EE7D60}"
EndProject
Project("{FAE04EC0-301F-11D3-BF4B-00C04F79EFBC}") = "Domain", "Domain\Domain.csproj", "{D340B3D3-863A-446E-B42B-80E15B53CFC9}"
EndProject
Global
	GlobalSection(SolutionConfigurationPlatforms) = preSolution
		Debug|Any CPU = Debug|Any CPU
		Release|Any CPU = Release|Any CPU
	EndGlobalSection
	GlobalSection(SolutionProperties) = preSolution
		HideSolutionNode = FALSE
	EndGlobalSection
	GlobalSection(ProjectConfigurationPlatforms) = postSolution
		{8E4B218F-BC21-4F74-9686-E5A4A6C15819}.Debug|Any CPU.ActiveCfg = Debug|Any CPU
		{8E4B218F-BC21-4F74-9686-E5A4A6C15819}.Debug|Any CPU.Build.0 = Debug|Any CPU
		{8E4B218F-BC21-4F74-9686-E5A4A6C15819}.Release|Any CPU.ActiveCfg = Release|Any CPU
		{8E4B218F-BC21-4F74-9686-E5A4A6C15819}.Release|Any CPU.Build.0 = Release|Any CPU
		{161F4CAA-6E28-4F46-9B68-D9E7DBF5E968}.Debug|Any CPU.ActiveCfg = Debug|Any CPU
		{161F4CAA-6E28-4F46-9B68-D9E7DBF5E968}.Debug|Any CPU.Build.0 = Debug|Any CPU
		{161F4CAA-6E28-4F46-9B68-D9E7DBF5E968}.Release|Any CPU.ActiveCfg = Release|Any CPU
		{161F4CAA-6E28-4F46-9B68-D9E7DBF5E968}.Release|Any CPU.Build.0 = Release|Any CPU
		{AA17A491-389C-49FD-9FAF-E22FC8EE7D60}.Debug|Any CPU.ActiveCfg = Debug|Any CPU
		{AA17A491-389C-49FD-9FAF-E22FC8EE7D60}.Debug|Any CPU.Build.0 = Debug|Any CPU
		{AA17A491-389C-49FD-9FAF-E22FC8EE7D60}.Release|Any CPU.ActiveCfg = Release|Any CPU
		{AA17A491-389C-49FD-9FAF-E22FC8EE7D60}.Release|Any CPU.Build.0 = Release|Any CPU
		{D340B3D3-863A-446E-B42B-80E15B53CFC9}.Debug|Any CPU.ActiveCfg = Debug|Any CPU
		{D340B3D3-863A-446E-B42B-80E15B53CFC9}.Debug|Any CPU.Build.0 = Debug|Any CPU
		{D340B3D3-863A-446E-B42B-80E15B53CFC9}.Release|Any CPU.ActiveCfg = Release|Any CPU
		{D340B3D3-863A-446E-B42B-80E15B53CFC9}.Release|Any CPU.Build.0 = Release|Any CPU
	EndGlobalSection
EndGlobal
